
Microsoft Visual Studio Solution File, Format Version 12.00
# Visual Studio Version 17
VisualStudioVersion = 17.10.35027.167
MinimumVisualStudioVersion = 10.0.40219.1
Project("{FAE04EC0-301F-11D3-BF4B-00C04F79EFBC}") = "Registration Concepts", "Registration Concepts\Registration Concepts.csproj", "{1848514B-1963-494B-A455-DD7AFA5A52C0}"
EndProject
Project("{FAE04EC0-301F-11D3-BF4B-00C04F79EFBC}") = "Advanced Registration Concepts", "Advanced Registration Concepts\Advanced Registration Concepts.csproj", "{D08A99FB-3602-4C55-BB3B-B38E3AF070B0}"
EndProject
Project("{FAE04EC0-301F-11D3-BF4B-00C04F79EFBC}") = "Implicit Relationship Types", "Implicit Relationship Types\Implicit Relationship Types.csproj", "{E2E89693-3ABB-4E58-8A2C-3D4A5B9651EB}"
EndProject
Project("{FAE04EC0-301F-11D3-BF4B-00C04F79EFBC}") = "Controlling Scope and Lifetime", "Controlling Scope and Lifetime\Controlling Scope and Lifetime.csproj", "{8B428720-83F4-4643-B3A5-7F3F19945D3B}"
EndProject
Project("{FAE04EC0-301F-11D3-BF4B-00C04F79EFBC}") = "Configuration And Modules", "Configuration And Modules\Configuration And Modules.csproj", "{F29600FA-E0E1-4539-85DD-4A7790C8F451}"
EndProject
Global
	GlobalSection(SolutionConfigurationPlatforms) = preSolution
		Debug|Any CPU = Debug|Any CPU
		Release|Any CPU = Release|Any CPU
	EndGlobalSection
	GlobalSection(ProjectConfigurationPlatforms) = postSolution
		{1848514B-1963-494B-A455-DD7AFA5A52C0}.Debug|Any CPU.ActiveCfg = Debug|Any CPU
		{1848514B-1963-494B-A455-DD7AFA5A52C0}.Debug|Any CPU.Build.0 = Debug|Any CPU
		{1848514B-1963-494B-A455-DD7AFA5A52C0}.Release|Any CPU.ActiveCfg = Release|Any CPU
		{1848514B-1963-494B-A455-DD7AFA5A52C0}.Release|Any CPU.Build.0 = Release|Any CPU
		{D08A99FB-3602-4C55-BB3B-B38E3AF070B0}.Debug|Any CPU.ActiveCfg = Debug|Any CPU
		{D08A99FB-3602-4C55-BB3B-B38E3AF070B0}.Debug|Any CPU.Build.0 = Debug|Any CPU
		{D08A99FB-3602-4C55-BB3B-B38E3AF070B0}.Release|Any CPU.ActiveCfg = Release|Any CPU
		{D08A99FB-3602-4C55-BB3B-B38E3AF070B0}.Release|Any CPU.Build.0 = Release|Any CPU
		{E2E89693-3ABB-4E58-8A2C-3D4A5B9651EB}.Debug|Any CPU.ActiveCfg = Debug|Any CPU
		{E2E89693-3ABB-4E58-8A2C-3D4A5B9651EB}.Debug|Any CPU.Build.0 = Debug|Any CPU
		{E2E89693-3ABB-4E58-8A2C-3D4A5B9651EB}.Release|Any CPU.ActiveCfg = Release|Any CPU
		{E2E89693-3ABB-4E58-8A2C-3D4A5B9651EB}.Release|Any CPU.Build.0 = Release|Any CPU
		{8B428720-83F4-4643-B3A5-7F3F19945D3B}.Debug|Any CPU.ActiveCfg = Debug|Any CPU
		{8B428720-83F4-4643-B3A5-7F3F19945D3B}.Debug|Any CPU.Build.0 = Debug|Any CPU
		{8B428720-83F4-4643-B3A5-7F3F19945D3B}.Release|Any CPU.ActiveCfg = Release|Any CPU
		{8B428720-83F4-4643-B3A5-7F3F19945D3B}.Release|Any CPU.Build.0 = Release|Any CPU
		{F29600FA-E0E1-4539-85DD-4A7790C8F451}.Debug|Any CPU.ActiveCfg = Debug|Any CPU
		{F29600FA-E0E1-4539-85DD-4A7790C8F451}.Debug|Any CPU.Build.0 = Debug|Any CPU
		{F29600FA-E0E1-4539-85DD-4A7790C8F451}.Release|Any CPU.ActiveCfg = Release|Any CPU
		{F29600FA-E0E1-4539-85DD-4A7790C8F451}.Release|Any CPU.Build.0 = Release|Any CPU
	EndGlobalSection
	GlobalSection(SolutionProperties) = preSolution
		HideSolutionNode = FALSE
	EndGlobalSection
	GlobalSection(ExtensibilityGlobals) = postSolution
		SolutionGuid = {951BA32B-50D8-4BA8-BDB8-C81A8DFE8BB1}
	EndGlobalSection
EndGlobal
